// !$*UTF8*$!
{
	archiveVersion = 1;
	classes = {
	};
	objectVersion = 46;
	objects = {

/* Begin PBXBuildFile section */
		DE64EB8A1F1237A4001A198C /* AppDelegate.swift in Sources */ = {isa = PBXBuildFile; fileRef = DE64EB891F1237A4001A198C /* AppDelegate.swift */; };
		DE64EB8C1F1237A4001A198C /* ViewController.swift in Sources */ = {isa = PBXBuildFile; fileRef = DE64EB8B1F1237A4001A198C /* ViewController.swift */; };
		DE64EB8F1F1237A4001A198C /* Main.storyboard in Resources */ = {isa = PBXBuildFile; fileRef = DE64EB8D1F1237A4001A198C /* Main.storyboard */; };
		DE64EB911F1237A4001A198C /* Assets.xcassets in Resources */ = {isa = PBXBuildFile; fileRef = DE64EB901F1237A4001A198C /* Assets.xcassets */; };
		DE64EB941F1237A4001A198C /* LaunchScreen.storyboard in Resources */ = {isa = PBXBuildFile; fileRef = DE64EB921F1237A4001A198C /* LaunchScreen.storyboard */; };
/* End PBXBuildFile section */

/* Begin PBXFileReference section */
		DE64EB861F1237A4001A198C /* SaveTheWorld.app */ = {isa = PBXFileReference; explicitFileType = wrapper.application; includeInIndex = 0; path = SaveTheWorld.app; sourceTree = BUILT_PRODUCTS_DIR; };
		DE64EB891F1237A4001A198C /* AppDelegate.swift */ = {isa = PBXFileReference; lastKnownFileType = sourcecode.swift; path = AppDelegate.swift; sourceTree = "<group>"; };
		DE64EB8B1F1237A4001A198C /* ViewController.swift */ = {isa = PBXFileReference; lastKnownFileType = sourcecode.swift; path = ViewController.swift; sourceTree = "<group>"; };
		DE64EB8E1F1237A4001A198C /* Base */ = {isa = PBXFileReference; lastKnownFileType = file.storyboard; name = Base; path = Base.lproj/Main.storyboard; sourceTree = "<group>"; };
		DE64EB901F1237A4001A198C /* Assets.xcassets */ = {isa = PBXFileReference; lastKnownFileType = folder.assetcatalog; path = Assets.xcassets; sourceTree = "<group>"; };
		DE64EB931F1237A4001A198C /* Base */ = {isa = PBXFileReference; lastKnownFileType = file.storyboard; name = Base; path = Base.lproj/LaunchScreen.storyboard; sourceTree = "<group>"; };
		DE64EB951F1237A4001A198C /* Info.plist */ = {isa = PBXFileReference; lastKnownFileType = text.plist.xml; path = Info.plist; sourceTree = "<group>"; };
/* End PBXFileReference section */

/* Begin PBXFrameworksBuildPhase section */
		DE64EB831F1237A4001A198C /* Frameworks */ = {
			isa = PBXFrameworksBuildPhase;
			buildActionMask = 2147483647;
			files = (
			);
			runOnlyForDeploymentPostprocessing = 0;
		};
/* End PBXFrameworksBuildPhase section */

/* Begin PBXGroup section */
		DE64EB7D1F1237A4001A198C = {
			isa = PBXGroup;
			children = (
				DE64EB881F1237A4001A198C /* SaveTheWorld */,
				DE64EB871F1237A4001A198C /* Products */,
			);
			sourceTree = "<group>";
		};
		DE64EB871F1237A4001A198C /* Products */ = {
			isa = PBXGroup;
			children = (
				DE64EB861F1237A4001A198C /* SaveTheWorld.app */,
			);
			name = Products;
			sourceTree = "<group>";
		};
		DE64EB881F1237A4001A198C /* SaveTheWorld */ = {
			isa = PBXGroup;
			children = (
				DE64EB891F1237A4001A198C /* AppDelegate.swift */,
				DE64EB8B1F1237A4001A198C /* ViewController.swift */,
				DE64EB8D1F1237A4001A198C /* Main.storyboard */,
				DE64EB901F1237A4001A198C /* Assets.xcassets */,
				DE64EB921F1237A4001A198C /* LaunchScreen.storyboard */,
				DE64EB951F1237A4001A198C /* Info.plist */,
			);
			path = SaveTheWorld;
			sourceTree = "<group>";
		};
/* End PBXGroup section */

/* Begin PBXNativeTarget section */
		DE64EB851F1237A4001A198C /* SaveTheWorld */ = {
			isa = PBXNativeTarget;
			buildConfigurationList = DE64EB981F1237A4001A198C /* Build configuration list for PBXNativeTarget "SaveTheWorld" */;
			buildPhases = (
				DE64EB821F1237A4001A198C /* Sources */,
				DE64EB831F1237A4001A198C /* Frameworks */,
				DE64EB841F1237A4001A198C /* Resources */,
			);
			buildRules = (
			);
			dependencies = (
			);
			name = SaveTheWorld;
			productName = SaveTheWorld;
			productReference = DE64EB861F1237A4001A198C /* SaveTheWorld.app */;
			productType = "com.apple.product-type.application";
		};
/* End PBXNativeTarget section */

/* Begin PBXProject section */
		DE64EB7E1F1237A4001A198C /* Project object */ = {
			isa = PBXProject;
			attributes = {
				LastSwiftUpdateCheck = 0730;
				LastUpgradeCheck = 0730;
				ORGANIZATIONNAME = JanielHNY;
				TargetAttributes = {
					DE64EB851F1237A4001A198C = {
						CreatedOnToolsVersion = 7.3;
					};
				};
			};
			buildConfigurationList = DE64EB811F1237A4001A198C /* Build configuration list for PBXProject "SaveTheWorld" */;
			compatibilityVersion = "Xcode 3.2";
			developmentRegion = English;
			hasScannedForEncodings = 0;
			knownRegions = (
				en,
				Base,
			);
			mainGroup = DE64EB7D1F1237A4001A198C;
			productRefGroup = DE64EB871F1237A4001A198C /* Products */;
			projectDirPath = "";
			projectRoot = "";
			targets = (
				DE64EB851F1237A4001A198C /* SaveTheWorld */,
			);
		};
/* End PBXProject section */

/* Begin PBXResourcesBuildPhase section */
		DE64EB841F1237A4001A198C /* Resources */ = {
			isa = PBXResourcesBuildPhase;
			buildActionMask = 2147483647;
			files = (
				DE64EB941F1237A4001A198C /* LaunchScreen.storyboard in Resources */,
				DE64EB911F1237A4001A198C /* Assets.xcassets in Resources */,
				DE64EB8F1F1237A4001A198C /* Main.storyboard in Resources */,
			);
			runOnlyForDeploymentPostprocessing = 0;
		};
/* End PBXResourcesBuildPhase section */

/* Begin PBXSourcesBuildPhase section */
		DE64EB821F1237A4001A198C /* Sources */ = {
			isa = PBXSourcesBuildPhase;
			buildActionMask = 2147483647;
			files = (
				DE64EB8C1F1237A4001A198C /* ViewController.swift in Sources */,
				DE64EB8A1F1237A4001A198C /* AppDelegate.swift in Sources */,
			);
			runOnlyForDeploymentPostprocessing = 0;
		};
/* End PBXSourcesBuildPhase section */

/* Begin PBXVariantGroup section */
		DE64EB8D1F1237A4001A198C /* Main.storyboard */ = {
			isa = PBXVariantGroup;
			children = (
				DE64EB8E1F1237A4001A198C /* Base */,
			);
			name = Main.storyboard;
			sourceTree = "<group>";
		};
		DE64EB921F1237A4001A198C /* LaunchScreen.storyboard */ = {
			isa = PBXVariantGroup;
			children = (
				DE64EB931F1237A4001A198C /* Base */,
			);
			name = LaunchScreen.storyboard;
			sourceTree = "<group>";
		};
/* End PBXVariantGroup section */

/* Begin XCBuildConfiguration section */
		DE64EB961F1237A4001A198C /* Debug */ = {
			isa = XCBuildConfiguration;
			buildSettings = {
				ALWAYS_SEARCH_USER_PATHS = NO;
				CLANG_ANALYZER_NONNULL = YES;
				CLANG_CXX_LANGUAGE_STANDARD = "gnu++0x";
				CLANG_CXX_LIBRARY = "libc++";
				CLANG_ENABLE_MODULES = YES;
				CLANG_ENABLE_OBJC_ARC = YES;
				CLANG_WARN_BOOL_CONVERSION = YES;
				CLANG_WARN_CONSTANT_CONVERSION = YES;
				CLANG_WARN_DIRECT_OBJC_ISA_USAGE = YES_ERROR;
				CLANG_WARN_EMPTY_BODY = YES;
				CLANG_WARN_ENUM_CONVERSION = YES;
				CLANG_WARN_INT_CONVERSION = YES;
				CLANG_WARN_OBJC_ROOT_CLASS = YES_ERROR;
				CLANG_WARN_UNREACHABLE_CODE = YES;
				CLANG_WARN__DUPLICATE_METHOD_MATCH = YES;
				"CODE_SIGN_IDENTITY[sdk=iphoneos*]" = "iPhone Developer";
				COPY_PHASE_STRIP = NO;
				DEBUG_INFORMATION_FORMAT = dwarf;
				ENABLE_STRICT_OBJC_MSGSEND = YES;
				ENABLE_TESTABILITY = YES;
				GCC_C_LANGUAGE_STANDARD = gnu99;
				GCC_DYNAMIC_NO_PIC = NO;
				GCC_NO_COMMON_BLOCKS = YES;
				GCC_OPTIMIZATION_LEVEL = 0;
				GCC_PREPROCESSOR_DEFINITIONS = (
					"DEBUG=1",
					"$(inherited)",
				);
				GCC_WARN_64_TO_32_BIT_CONVERSION = YES;
				GCC_WARN_ABOUT_RETURN_TYPE = YES_ERROR;
				GCC_WARN_UNDECLARED_SELECTOR = YES;
				GCC_WARN_UNINITIALIZED_AUTOS = YES_AGGRESSIVE;
				GCC_WARN_UNUSED_FUNCTION = YES;
				GCC_WARN_UNUSED_VARIABLE = YES;
				IPHONEOS_DEPLOYMENT_TARGET = 9.3;
				MTL_ENABLE_DEBUG_INFO = YES;
				ONLY_ACTIVE_ARCH = YES;
				SDKROOT = iphoneos;
				SWIFT_OPTIMIZATION_LEVEL = "-Onone";
			};
			name = Debug;
		};
		DE64EB971F1237A4001A198C /* Release */ = {
			isa = XCBuildConfiguration;
			buildSettings = {
				ALWAYS_SEARCH_USER_PATHS = NO;
				CLANG_ANALYZER_NONNULL = YES;
				CLANG_CXX_LANGUAGE_STANDARD = "gnu++0x";
				CLANG_CXX_LIBRARY = "libc++";
				CLANG_ENABLE_MODULES = YES;
				CLANG_ENABLE_OBJC_ARC = YES;
				CLANG_WARN_BOOL_CONVERSION = YES;
				CLANG_WARN_CONSTANT_CONVERSION = YES;
				CLANG_WARN_DIRECT_OBJC_ISA_USAGE = YES_ERROR;
				CLANG_WARN_EMPTY_BODY = YES;
				CLANG_WARN_ENUM_CONVERSION = YES;
				CLANG_WARN_INT_CONVERSION = YES;
				CLANG_WARN_OBJC_ROOT_CLASS = YES_ERROR;
				CLANG_WARN_UNREACHABLE_CODE = YES;
				CLANG_WARN__DUPLICATE_METHOD_MATCH = YES;
				"CODE_SIGN_IDENTITY[sdk=iphoneos*]" = "iPhone Developer";
				COPY_PHASE_STRIP = NO;
				DEBUG_INFORMATION_FORMAT = "dwarf-with-dsym";
				ENABLE_NS_ASSERTIONS = NO;
				ENABLE_STRICT_OBJC_MSGSEND = YES;
				GCC_C_LANGUAGE_STANDARD = gnu99;
				GCC_NO_COMMON_BLOCKS = YES;
				GCC_WARN_64_TO_32_BIT_CONVERSION = YES;
				GCC_WARN_ABOUT_RETURN_TYPE = YES_ERROR;
				GCC_WARN_UNDECLARED_SELECTOR = YES;
				GCC_WARN_UNINITIALIZED_AUTOS = YES_AGGRESSIVE;
				GCC_WARN_UNUSED_FUNCTION = YES;
				GCC_WARN_UNUSED_VARIABLE = YES;
				IPHONEOS_DEPLOYMENT_TARGET = 9.3;
				MTL_ENABLE_DEBUG_INFO = NO;
				SDKROOT = iphoneos;
				VALIDATE_PRODUCT = YES;
			};
			name = Release;
		};
		DE64EB991F1237A4001A198C /* Debug */ = {
			isa = XCBuildConfiguration;
			buildSettings = {
				ASSETCATALOG_COMPILER_APPICON_NAME = AppIcon;
				INFOPLIST_FILE = SaveTheWorld/Info.plist;
				LD_RUNPATH_SEARCH_PATHS = "$(inherited) @executable_path/Frameworks";
				PRODUCT_BUNDLE_IDENTIFIER = com.janielh.SaveTheWorld;
				PRODUCT_NAME = "$(TARGET_NAME)";
			};
			name = Debug;
		};
		DE64EB9A1F1237A4001A198C /* Release */ = {
			isa = XCBuildConfiguration;
			buildSettings = {
				ASSETCATALOG_COMPILER_APPICON_NAME = AppIcon;
				INFOPLIST_FILE = SaveTheWorld/Info.plist;
				LD_RUNPATH_SEARCH_PATHS = "$(inherited) @executable_path/Frameworks";
				PRODUCT_BUNDLE_IDENTIFIER = com.janielh.SaveTheWorld;
				PRODUCT_NAME = "$(TARGET_NAME)";
			};
			name = Release;
		};
/* End XCBuildConfiguration section */

/* Begin XCConfigurationList section */
		DE64EB811F1237A4001A198C /* Build configuration list for PBXProject "SaveTheWorld" */ = {
			isa = XCConfigurationList;
			buildConfigurations = (
				DE64EB961F1237A4001A198C /* Debug */,
				DE64EB971F1237A4001A198C /* Release */,
			);
			defaultConfigurationIsVisible = 0;
			defaultConfigurationName = Release;
		};
		DE64EB981F1237A4001A198C /* Build configuration list for PBXNativeTarget "SaveTheWorld" */ = {
			isa = XCConfigurationList;
			buildConfigurations = (
				DE64EB991F1237A4001A198C /* Debug */,
				DE64EB9A1F1237A4001A198C /* Release */,
			);
			defaultConfigurationIsVisible = 0;
		};
/* End XCConfigurationList section */
	};
	rootObject = DE64EB7E1F1237A4001A198C /* Project object */;
}
